
Microsoft Visual Studio Solution File, Format Version 12.00
# Visual Studio Version 17
VisualStudioVersion = 17.11.35222.181
MinimumVisualStudioVersion = 10.0.40219.1
Project("{FAE04EC0-301F-11D3-BF4B-00C04F79EFBC}") = "ogrenci-sistemi-restsharp", "ogrenci-sistemi-restsharp.csproj", "{6EA92593-C718-44A7-8F99-BE2EF2B43ED4}"
EndProject
Global
	GlobalSection(SolutionConfigurationPlatforms) = preSolution
		Debug|Any CPU = Debug|Any CPU
		Release|Any CPU = Release|Any CPU
	EndGlobalSection
	GlobalSection(ProjectConfigurationPlatforms) = postSolution
		{6EA92593-C718-44A7-8F99-BE2EF2B43ED4}.Debug|Any CPU.ActiveCfg = Debug|Any CPU
		{6EA92593-C718-44A7-8F99-BE2EF2B43ED4}.Debug|Any CPU.Build.0 = Debug|Any CPU
		{6EA92593-C718-44A7-8F99-BE2EF2B43ED4}.Release|Any CPU.ActiveCfg = Release|Any CPU
		{6EA92593-C718-44A7-8F99-BE2EF2B43ED4}.Release|Any CPU.Build.0 = Release|Any CPU
	EndGlobalSection
	GlobalSection(SolutionProperties) = preSolution
		HideSolutionNode = FALSE
	EndGlobalSection
	GlobalSection(ExtensibilityGlobals) = postSolution
		SolutionGuid = {7889AE3E-1296-44AE-A88A-EE2961C4B529}
	EndGlobalSection
EndGlobal
